
Microsoft Visual Studio Solution File, Format Version 12.00
# Visual Studio Version 17
VisualStudioVersion = 17.8.34227.203
MinimumVisualStudioVersion = 10.0.40219.1
Project("{FAE04EC0-301F-11D3-BF4B-00C04F79EFBC}") = "MultipleStatic1", "MultipleStatic1\MultipleStatic1.csproj", "{92D54B47-859B-4297-A20C-BC70C4705052}"
EndProject
Global
	GlobalSection(SolutionConfigurationPlatforms) = preSolution
		Debug|Any CPU = Debug|Any CPU
		Release|Any CPU = Release|Any CPU
	EndGlobalSection
	GlobalSection(ProjectConfigurationPlatforms) = postSolution
		{92D54B47-859B-4297-A20C-BC70C4705052}.Debug|Any CPU.ActiveCfg = Debug|Any CPU
		{92D54B47-859B-4297-A20C-BC70C4705052}.Debug|Any CPU.Build.0 = Debug|Any CPU
		{92D54B47-859B-4297-A20C-BC70C4705052}.Release|Any CPU.ActiveCfg = Release|Any CPU
		{92D54B47-859B-4297-A20C-BC70C4705052}.Release|Any CPU.Build.0 = Release|Any CPU
	EndGlobalSection
	GlobalSection(SolutionProperties) = preSolution
		HideSolutionNode = FALSE
	EndGlobalSection
	GlobalSection(ExtensibilityGlobals) = postSolution
		SolutionGuid = {45425460-F139-426C-90FE-D86AFD033375}
	EndGlobalSection
EndGlobal
