
Microsoft Visual Studio Solution File, Format Version 12.00
# Visual Studio Version 17
VisualStudioVersion = 17.8.34302.71
MinimumVisualStudioVersion = 10.0.40219.1
Project("{FAE04EC0-301F-11D3-BF4B-00C04F79EFBC}") = "Record1", "Record1\Record1.csproj", "{B281F1B5-53AF-4610-8905-F2CFE1E81B87}"
EndProject
Global
	GlobalSection(SolutionConfigurationPlatforms) = preSolution
		Debug|Any CPU = Debug|Any CPU
		Release|Any CPU = Release|Any CPU
	EndGlobalSection
	GlobalSection(ProjectConfigurationPlatforms) = postSolution
		{B281F1B5-53AF-4610-8905-F2CFE1E81B87}.Debug|Any CPU.ActiveCfg = Debug|Any CPU
		{B281F1B5-53AF-4610-8905-F2CFE1E81B87}.Debug|Any CPU.Build.0 = Debug|Any CPU
		{B281F1B5-53AF-4610-8905-F2CFE1E81B87}.Release|Any CPU.ActiveCfg = Release|Any CPU
		{B281F1B5-53AF-4610-8905-F2CFE1E81B87}.Release|Any CPU.Build.0 = Release|Any CPU
	EndGlobalSection
	GlobalSection(SolutionProperties) = preSolution
		HideSolutionNode = FALSE
	EndGlobalSection
	GlobalSection(ExtensibilityGlobals) = postSolution
		SolutionGuid = {473EFA90-63C4-4864-BF42-D427D299F929}
	EndGlobalSection
EndGlobal
