
Microsoft Visual Studio Solution File, Format Version 12.00
# Visual Studio Version 17
VisualStudioVersion = 17.8.34227.203
MinimumVisualStudioVersion = 10.0.40219.1
Project("{FAE04EC0-301F-11D3-BF4B-00C04F79EFBC}") = "DelayedExecution2", "DelayedExecution2\DelayedExecution2.csproj", "{CCFB5CF9-A9D8-4A54-8EE5-7DE5C579A816}"
EndProject
Global
	GlobalSection(SolutionConfigurationPlatforms) = preSolution
		Debug|Any CPU = Debug|Any CPU
		Release|Any CPU = Release|Any CPU
	EndGlobalSection
	GlobalSection(ProjectConfigurationPlatforms) = postSolution
		{CCFB5CF9-A9D8-4A54-8EE5-7DE5C579A816}.Debug|Any CPU.ActiveCfg = Debug|Any CPU
		{CCFB5CF9-A9D8-4A54-8EE5-7DE5C579A816}.Debug|Any CPU.Build.0 = Debug|Any CPU
		{CCFB5CF9-A9D8-4A54-8EE5-7DE5C579A816}.Release|Any CPU.ActiveCfg = Release|Any CPU
		{CCFB5CF9-A9D8-4A54-8EE5-7DE5C579A816}.Release|Any CPU.Build.0 = Release|Any CPU
	EndGlobalSection
	GlobalSection(SolutionProperties) = preSolution
		HideSolutionNode = FALSE
	EndGlobalSection
	GlobalSection(ExtensibilityGlobals) = postSolution
		SolutionGuid = {ACCE6EBC-96D0-48D2-994C-AD1EDBEEC762}
	EndGlobalSection
EndGlobal
