
Microsoft Visual Studio Solution File, Format Version 12.00
# Visual Studio Version 17
VisualStudioVersion = 17.8.34227.203
MinimumVisualStudioVersion = 10.0.40219.1
Project("{FAE04EC0-301F-11D3-BF4B-00C04F79EFBC}") = "ToList1", "ToList1\ToList1.csproj", "{29539AFB-DD84-4939-893D-485D7F237D1E}"
EndProject
Global
	GlobalSection(SolutionConfigurationPlatforms) = preSolution
		Debug|Any CPU = Debug|Any CPU
		Release|Any CPU = Release|Any CPU
	EndGlobalSection
	GlobalSection(ProjectConfigurationPlatforms) = postSolution
		{29539AFB-DD84-4939-893D-485D7F237D1E}.Debug|Any CPU.ActiveCfg = Debug|Any CPU
		{29539AFB-DD84-4939-893D-485D7F237D1E}.Debug|Any CPU.Build.0 = Debug|Any CPU
		{29539AFB-DD84-4939-893D-485D7F237D1E}.Release|Any CPU.ActiveCfg = Release|Any CPU
		{29539AFB-DD84-4939-893D-485D7F237D1E}.Release|Any CPU.Build.0 = Release|Any CPU
	EndGlobalSection
	GlobalSection(SolutionProperties) = preSolution
		HideSolutionNode = FALSE
	EndGlobalSection
	GlobalSection(ExtensibilityGlobals) = postSolution
		SolutionGuid = {090F2D27-C782-4234-80BE-48B91DDE9D57}
	EndGlobalSection
EndGlobal
