
Microsoft Visual Studio Solution File, Format Version 12.00
# Visual Studio Version 17
VisualStudioVersion = 17.8.34227.203
MinimumVisualStudioVersion = 10.0.40219.1
Project("{FAE04EC0-301F-11D3-BF4B-00C04F79EFBC}") = "Sort1", "Sort1\Sort1.csproj", "{D52AA8D9-7115-466C-A28C-E7FD678E442F}"
EndProject
Global
	GlobalSection(SolutionConfigurationPlatforms) = preSolution
		Debug|Any CPU = Debug|Any CPU
		Release|Any CPU = Release|Any CPU
	EndGlobalSection
	GlobalSection(ProjectConfigurationPlatforms) = postSolution
		{D52AA8D9-7115-466C-A28C-E7FD678E442F}.Debug|Any CPU.ActiveCfg = Debug|Any CPU
		{D52AA8D9-7115-466C-A28C-E7FD678E442F}.Debug|Any CPU.Build.0 = Debug|Any CPU
		{D52AA8D9-7115-466C-A28C-E7FD678E442F}.Release|Any CPU.ActiveCfg = Release|Any CPU
		{D52AA8D9-7115-466C-A28C-E7FD678E442F}.Release|Any CPU.Build.0 = Release|Any CPU
	EndGlobalSection
	GlobalSection(SolutionProperties) = preSolution
		HideSolutionNode = FALSE
	EndGlobalSection
	GlobalSection(ExtensibilityGlobals) = postSolution
		SolutionGuid = {E621EB3F-CF47-4552-8F59-4599C9B7AF15}
	EndGlobalSection
EndGlobal
